
Microsoft Visual Studio Solution File, Format Version 12.00
# Visual Studio Version 17
VisualStudioVersion = 17.14.36414.22 d17.14
MinimumVisualStudioVersion = 10.0.40219.1
Project("{D2ABAB84-BF74-430A-B69E-9DC6D40DDA17}") = "ProyectoNWD69762", "ProyectoNWD69762\ProyectoNWD69762.dwproj", "{D109D4CA-FD51-07DC-DF93-D0136E0900E3}"
EndProject
Global
	GlobalSection(SolutionConfigurationPlatforms) = preSolution
		Development|Default = Development|Default
	EndGlobalSection
	GlobalSection(ProjectConfigurationPlatforms) = postSolution
		{D109D4CA-FD51-07DC-DF93-D0136E0900E3}.Development|Default.ActiveCfg = Development
		{D109D4CA-FD51-07DC-DF93-D0136E0900E3}.Development|Default.Build.0 = Development
		{D109D4CA-FD51-07DC-DF93-D0136E0900E3}.Development|Default.Deploy.0 = Development
	EndGlobalSection
	GlobalSection(SolutionProperties) = preSolution
		HideSolutionNode = FALSE
	EndGlobalSection
	GlobalSection(ExtensibilityGlobals) = postSolution
		SolutionGuid = {DB14054E-B11B-454A-84B2-2A2EBC0FC6FD}
	EndGlobalSection
EndGlobal
